
Microsoft Visual Studio Solution File, Format Version 12.00
# Visual Studio Version 16
VisualStudioVersion = 16.0.31410.357
MinimumVisualStudioVersion = 10.0.40219.1
Project("{FAE04EC0-301F-11D3-BF4B-00C04F79EFBC}") = "GestioneBiblio2", "GestioneBiblio2\GestioneBiblio2.csproj", "{61F54B48-35CE-4155-B744-093A3A75B759}"
EndProject
Global
	GlobalSection(SolutionConfigurationPlatforms) = preSolution
		Debug|Any CPU = Debug|Any CPU
		Release|Any CPU = Release|Any CPU
	EndGlobalSection
	GlobalSection(ProjectConfigurationPlatforms) = postSolution
		{61F54B48-35CE-4155-B744-093A3A75B759}.Debug|Any CPU.ActiveCfg = Debug|Any CPU
		{61F54B48-35CE-4155-B744-093A3A75B759}.Debug|Any CPU.Build.0 = Debug|Any CPU
		{61F54B48-35CE-4155-B744-093A3A75B759}.Release|Any CPU.ActiveCfg = Release|Any CPU
		{61F54B48-35CE-4155-B744-093A3A75B759}.Release|Any CPU.Build.0 = Release|Any CPU
	EndGlobalSection
	GlobalSection(SolutionProperties) = preSolution
		HideSolutionNode = FALSE
	EndGlobalSection
	GlobalSection(ExtensibilityGlobals) = postSolution
		SolutionGuid = {57BF5EBE-072D-487D-AD72-6EDD02C315AA}
	EndGlobalSection
EndGlobal
